{"is_source_file": false, "format": "", "description": "", "external_files": [], "external_methods": [], "published": [], "classes": [], "methods": [], "calls": [], "search-terms": [], "state": 2, "file_id": 1, "knowledge_revision": 19, "git_revision": "6bc0fb44686408e27bcc0b0077e1a2f72a48c2b3", "filename": "/home/kavia/workspace/code-generation/modernhome-furnishings-94189-94197/main_container_for_modernhome_furnishings/post_process_status.lock", "hash": "9c4ed7ef73e22b872b8055bec08b8979", "format-version": 4, "code-base-name": "default", "revision_history": [{"19": "6bc0fb44686408e27bcc0b0077e1a2f72a48c2b3"}]}